# This file is automatically @generated by Cargo.
# It is not intended for manual editing.
version = 4

[[package]]
name = "bitflags"
version = "2.11.1"
source = "registry+https://github.com/rust-lang/crates.io-index"
checksum = "c4512299f36f043ab09a583e57bceb5a5aab7a73db1805848e8fef3c9e8c78b3"

[[package]]
name = "clack-common"
version = "0.1.0"
source = "git+https://github.com/prokopyl/clack.git#4541f03792635dfdc6be9441a01b786e9b4ccf18"
dependencies = [
 "bitflags",
 "clap-sys",
]

[[package]]
name = "clack-extensions"
version = "0.1.0"
source = "git+https://github.com/prokopyl/clack.git#4541f03792635dfdc6be9441a01b786e9b4ccf18"
dependencies = [
 "bitflags",
 "clack-common",
 "clack-plugin",
 "clap-sys",
]

[[package]]
name = "clack-plugin"
version = "0.1.0"
source = "git+https://github.com/prokopyl/clack.git#4541f03792635dfdc6be9441a01b786e9b4ccf18"
dependencies = [
 "clack-common",
 "clap-sys",
]

[[package]]
name = "clap-sys"
version = "0.5.0"
source = "registry+https://github.com/rust-lang/crates.io-index"
checksum = "a76abbdb2907f6fd97fb6bc0b7be96b77d328f2dd9669d1075cc03369ed22154"

[[package]]
name = "edwloef_plugins"
version = "0.0.0"
dependencies = [
 "clack-extensions",
 "clack-plugin",
 "fastrand",
]

[[package]]
name = "fastrand"
version = "2.4.1"
source = "registry+https://github.com/rust-lang/crates.io-index"
checksum = "9f1f227452a390804cdb637b74a86990f2a7d7ba4b7d5693aac9b4dd6defd8d6"
